
Microsoft Visual Studio Solution File, Format Version 12.00
# Visual Studio Version 16
VisualStudioVersion = 16.0.30804.86
MinimumVisualStudioVersion = 10.0.40219.1
Project("{FAE04EC0-301F-11D3-BF4B-00C04F79EFBC}") = "TestBlazor", "TestBlazor.csproj", "{CC1A3699-850A-4177-A1EB-F1E4351C9C5B}"
EndProject
Global
	GlobalSection(SolutionConfigurationPlatforms) = preSolution
		Debug|Any CPU = Debug|Any CPU
		Release|Any CPU = Release|Any CPU
	EndGlobalSection
	GlobalSection(ProjectConfigurationPlatforms) = postSolution
		{CC1A3699-850A-4177-A1EB-F1E4351C9C5B}.Debug|Any CPU.ActiveCfg = Debug|Any CPU
		{CC1A3699-850A-4177-A1EB-F1E4351C9C5B}.Debug|Any CPU.Build.0 = Debug|Any CPU
		{CC1A3699-850A-4177-A1EB-F1E4351C9C5B}.Release|Any CPU.ActiveCfg = Release|Any CPU
		{CC1A3699-850A-4177-A1EB-F1E4351C9C5B}.Release|Any CPU.Build.0 = Release|Any CPU
	EndGlobalSection
	GlobalSection(SolutionProperties) = preSolution
		HideSolutionNode = FALSE
	EndGlobalSection
	GlobalSection(ExtensibilityGlobals) = postSolution
		SolutionGuid = {54D2A2E7-A062-47BB-8FE1-5AC35692C890}
	EndGlobalSection
EndGlobal
